
Microsoft Visual Studio Solution File, Format Version 12.00
# Visual Studio Version 17
VisualStudioVersion = 17.11.35222.181
MinimumVisualStudioVersion = 10.0.40219.1
Project("{9A19103F-16F7-4668-BE54-9A1E7A4F7556}") = "tavibun", "tavibun\tavibun.csproj", "{314C897E-0866-4CED-B24C-414A4FFE6687}"
EndProject
Global
	GlobalSection(SolutionConfigurationPlatforms) = preSolution
		Debug|Any CPU = Debug|Any CPU
		Release|Any CPU = Release|Any CPU
	EndGlobalSection
	GlobalSection(ProjectConfigurationPlatforms) = postSolution
		{314C897E-0866-4CED-B24C-414A4FFE6687}.Debug|Any CPU.ActiveCfg = Debug|Any CPU
		{314C897E-0866-4CED-B24C-414A4FFE6687}.Debug|Any CPU.Build.0 = Debug|Any CPU
		{314C897E-0866-4CED-B24C-414A4FFE6687}.Release|Any CPU.ActiveCfg = Release|Any CPU
		{314C897E-0866-4CED-B24C-414A4FFE6687}.Release|Any CPU.Build.0 = Release|Any CPU
	EndGlobalSection
	GlobalSection(SolutionProperties) = preSolution
		HideSolutionNode = FALSE
	EndGlobalSection
	GlobalSection(ExtensibilityGlobals) = postSolution
		SolutionGuid = {77EA7CCB-B50F-4C7B-AAC3-7899862B993F}
	EndGlobalSection
EndGlobal
